
Microsoft Visual Studio Solution File, Format Version 12.00
# Visual Studio Version 17
VisualStudioVersion = 17.7.34024.191
MinimumVisualStudioVersion = 10.0.40219.1
Project("{FAE04EC0-301F-11D3-BF4B-00C04F79EFBC}") = "AquaAutoRig", "AquaAutoRig\AquaAutoRig.csproj", "{B1AE95F0-1AA7-44F3-87E4-0FAE1EEDC09D}"
EndProject
Project("{FAE04EC0-301F-11D3-BF4B-00C04F79EFBC}") = "AquaModelTool", "AquaModelTool\AquaModelTool.csproj", "{A8F660A5-DC7E-43BE-B1C0-770897DC8D44}"
EndProject
Project("{9A19103F-16F7-4668-BE54-9A1E7A4F7556}") = "CMXPatcher", "CMXPatcher\CMXPatcher.csproj", "{00A66533-9158-412B-A0E8-0495C0E1A1F7}"
EndProject
Project("{9A19103F-16F7-4668-BE54-9A1E7A4F7556}") = "FalseIdola", "FalseIdola\FalseIdola.csproj", "{2CDCF592-C665-44A4-845A-E1453297FA37}"
EndProject
Project("{9A19103F-16F7-4668-BE54-9A1E7A4F7556}") = "SoulsModelTool", "SoulsModelTool\SoulsModelTool.csproj", "{6D0B2EEA-2DCF-417B-A343-DC77E0D0C3B6}"
EndProject
Project("{9A19103F-16F7-4668-BE54-9A1E7A4F7556}") = "WeaponInstaller", "WeaponInstaller\WeaponInstaller.csproj", "{CD56B4A4-4AC2-4346-B1CB-EBA9BFF6335D}"
EndProject
Project("{FAE04EC0-301F-11D3-BF4B-00C04F79EFBC}") = "AquaModelLibrary", "PSO2-Aqua-Library\AquaModelLibrary\AquaModelLibrary.csproj", "{AC648CF6-3E5C-4C7A-8A6E-083AE962FA1C}"
EndProject
Project("{8BC9CEB8-8B4A-11D0-8D11-00A0C91BC942}") = "AquaModelLibrary.Native", "PSO2-Aqua-Library\AquaModelLibrary.Native\AquaModelLibrary.Native.vcxproj", "{2C3B66BB-F1A9-4513-AB63-570D7687C6A7}"
	ProjectSection(ProjectDependencies) = postProject
		{AC648CF6-3E5C-4C7A-8A6E-083AE962FA1C} = {AC648CF6-3E5C-4C7A-8A6E-083AE962FA1C}
	EndProjectSection
EndProject
Project("{FAE04EC0-301F-11D3-BF4B-00C04F79EFBC}") = "SonicAudioLib", "SonicAudioTools\Source\SonicAudioLib\SonicAudioLib.csproj", "{63138773-1F47-474C-9345-15EB6183ECC6}"
EndProject
Project("{9A19103F-16F7-4668-BE54-9A1E7A4F7556}") = "VGAudio", "VGAudio\src\VGAudio\VGAudio.csproj", "{6B9B7F49-E629-4595-97B5-03D2232305F8}"
EndProject
Project("{FAE04EC0-301F-11D3-BF4B-00C04F79EFBC}") = "ZamboniLib", "PSO2-Aqua-Library\ZamboniLib\ZamboniLib\ZamboniLib.csproj", "{84D63988-81DE-4639-8E44-FE5A25EDDC97}"
EndProject
Project("{FAE04EC0-301F-11D3-BF4B-00C04F79EFBC}") = "UnluacNET", "PSO2-Aqua-Library\UnluacNET\UnluacNET.csproj", "{ED5D3E22-804B-4BAA-BD7F-F47F19804CF8}"
EndProject
Project("{9A19103F-16F7-4668-BE54-9A1E7A4F7556}") = "SoulsFormats", "PSO2-Aqua-Library\SoulsFormats\SoulsFormats\SoulsFormats.csproj", "{A55D0A52-904C-4BF2-970B-17299B433588}"
EndProject
Global
	GlobalSection(SolutionConfigurationPlatforms) = preSolution
		Debug (x86)|Any CPU = Debug (x86)|Any CPU
		Debug (x86)|x64 = Debug (x86)|x64
		Debug (x86)|x86 = Debug (x86)|x86
		Debug|Any CPU = Debug|Any CPU
		Debug|x64 = Debug|x64
		Debug|x86 = Debug|x86
		Release (x86)|Any CPU = Release (x86)|Any CPU
		Release (x86)|x64 = Release (x86)|x64
		Release (x86)|x86 = Release (x86)|x86
		Release|Any CPU = Release|Any CPU
		Release|x64 = Release|x64
		Release|x86 = Release|x86
		x86|Any CPU = x86|Any CPU
		x86|x64 = x86|x64
		x86|x86 = x86|x86
	EndGlobalSection
	GlobalSection(ProjectConfigurationPlatforms) = postSolution
		{B1AE95F0-1AA7-44F3-87E4-0FAE1EEDC09D}.Debug (x86)|Any CPU.ActiveCfg = Debug|Any CPU
		{B1AE95F0-1AA7-44F3-87E4-0FAE1EEDC09D}.Debug (x86)|Any CPU.Build.0 = Debug|Any CPU
		{B1AE95F0-1AA7-44F3-87E4-0FAE1EEDC09D}.Debug (x86)|x64.ActiveCfg = Debug|Any CPU
		{B1AE95F0-1AA7-44F3-87E4-0FAE1EEDC09D}.Debug (x86)|x64.Build.0 = Debug|Any CPU
		{B1AE95F0-1AA7-44F3-87E4-0FAE1EEDC09D}.Debug (x86)|x86.ActiveCfg = Debug|Any CPU
		{B1AE95F0-1AA7-44F3-87E4-0FAE1EEDC09D}.Debug (x86)|x86.Build.0 = Debug|Any CPU
		{B1AE95F0-1AA7-44F3-87E4-0FAE1EEDC09D}.Debug|Any CPU.ActiveCfg = Debug|Any CPU
		{B1AE95F0-1AA7-44F3-87E4-0FAE1EEDC09D}.Debug|Any CPU.Build.0 = Debug|Any CPU
		{B1AE95F0-1AA7-44F3-87E4-0FAE1EEDC09D}.Debug|x64.ActiveCfg = Debug|Any CPU
		{B1AE95F0-1AA7-44F3-87E4-0FAE1EEDC09D}.Debug|x64.Build.0 = Debug|Any CPU
		{B1AE95F0-1AA7-44F3-87E4-0FAE1EEDC09D}.Debug|x86.ActiveCfg = Debug|Any CPU
		{B1AE95F0-1AA7-44F3-87E4-0FAE1EEDC09D}.Debug|x86.Build.0 = Debug|Any CPU
		{B1AE95F0-1AA7-44F3-87E4-0FAE1EEDC09D}.Release (x86)|Any CPU.ActiveCfg = Release|Any CPU
		{B1AE95F0-1AA7-44F3-87E4-0FAE1EEDC09D}.Release (x86)|Any CPU.Build.0 = Release|Any CPU
		{B1AE95F0-1AA7-44F3-87E4-0FAE1EEDC09D}.Release (x86)|x64.ActiveCfg = Release|Any CPU
		{B1AE95F0-1AA7-44F3-87E4-0FAE1EEDC09D}.Release (x86)|x64.Build.0 = Release|Any CPU
		{B1AE95F0-1AA7-44F3-87E4-0FAE1EEDC09D}.Release (x86)|x86.ActiveCfg = Release|Any CPU
		{B1AE95F0-1AA7-44F3-87E4-0FAE1EEDC09D}.Release (x86)|x86.Build.0 = Release|Any CPU
		{B1AE95F0-1AA7-44F3-87E4-0FAE1EEDC09D}.Release|Any CPU.ActiveCfg = Release|Any CPU
		{B1AE95F0-1AA7-44F3-87E4-0FAE1EEDC09D}.Release|Any CPU.Build.0 = Release|Any CPU
		{B1AE95F0-1AA7-44F3-87E4-0FAE1EEDC09D}.Release|x64.ActiveCfg = Release|Any CPU
		{B1AE95F0-1AA7-44F3-87E4-0FAE1EEDC09D}.Release|x64.Build.0 = Release|Any CPU
		{B1AE95F0-1AA7-44F3-87E4-0FAE1EEDC09D}.Release|x86.ActiveCfg = Release|Any CPU
		{B1AE95F0-1AA7-44F3-87E4-0FAE1EEDC09D}.Release|x86.Build.0 = Release|Any CPU
		{B1AE95F0-1AA7-44F3-87E4-0FAE1EEDC09D}.x86|Any CPU.ActiveCfg = x86|Any CPU
		{B1AE95F0-1AA7-44F3-87E4-0FAE1EEDC09D}.x86|Any CPU.Build.0 = x86|Any CPU
		{B1AE95F0-1AA7-44F3-87E4-0FAE1EEDC09D}.x86|x64.ActiveCfg = x86|Any CPU
		{B1AE95F0-1AA7-44F3-87E4-0FAE1EEDC09D}.x86|x64.Build.0 = x86|Any CPU
		{B1AE95F0-1AA7-44F3-87E4-0FAE1EEDC09D}.x86|x86.ActiveCfg = x86|Any CPU
		{B1AE95F0-1AA7-44F3-87E4-0FAE1EEDC09D}.x86|x86.Build.0 = x86|Any CPU
		{A8F660A5-DC7E-43BE-B1C0-770897DC8D44}.Debug (x86)|Any CPU.ActiveCfg = Debug|Any CPU
		{A8F660A5-DC7E-43BE-B1C0-770897DC8D44}.Debug (x86)|Any CPU.Build.0 = Debug|Any CPU
		{A8F660A5-DC7E-43BE-B1C0-770897DC8D44}.Debug (x86)|x64.ActiveCfg = Debug|Any CPU
		{A8F660A5-DC7E-43BE-B1C0-770897DC8D44}.Debug (x86)|x64.Build.0 = Debug|Any CPU
		{A8F660A5-DC7E-43BE-B1C0-770897DC8D44}.Debug (x86)|x86.ActiveCfg = Debug|Any CPU
		{A8F660A5-DC7E-43BE-B1C0-770897DC8D44}.Debug (x86)|x86.Build.0 = Debug|Any CPU
		{A8F660A5-DC7E-43BE-B1C0-770897DC8D44}.Debug|Any CPU.ActiveCfg = Debug|Any CPU
		{A8F660A5-DC7E-43BE-B1C0-770897DC8D44}.Debug|Any CPU.Build.0 = Debug|Any CPU
		{A8F660A5-DC7E-43BE-B1C0-770897DC8D44}.Debug|x64.ActiveCfg = Debug|Any CPU
		{A8F660A5-DC7E-43BE-B1C0-770897DC8D44}.Debug|x64.Build.0 = Debug|Any CPU
		{A8F660A5-DC7E-43BE-B1C0-770897DC8D44}.Debug|x86.ActiveCfg = Debug|Any CPU
		{A8F660A5-DC7E-43BE-B1C0-770897DC8D44}.Debug|x86.Build.0 = Debug|Any CPU
		{A8F660A5-DC7E-43BE-B1C0-770897DC8D44}.Release (x86)|Any CPU.ActiveCfg = Release|Any CPU
		{A8F660A5-DC7E-43BE-B1C0-770897DC8D44}.Release (x86)|Any CPU.Build.0 = Release|Any CPU
		{A8F660A5-DC7E-43BE-B1C0-770897DC8D44}.Release (x86)|x64.ActiveCfg = Release|Any CPU
		{A8F660A5-DC7E-43BE-B1C0-770897DC8D44}.Release (x86)|x64.Build.0 = Release|Any CPU
		{A8F660A5-DC7E-43BE-B1C0-770897DC8D44}.Release (x86)|x86.ActiveCfg = Release|Any CPU
		{A8F660A5-DC7E-43BE-B1C0-770897DC8D44}.Release (x86)|x86.Build.0 = Release|Any CPU
		{A8F660A5-DC7E-43BE-B1C0-770897DC8D44}.Release|Any CPU.ActiveCfg = Release|Any CPU
		{A8F660A5-DC7E-43BE-B1C0-770897DC8D44}.Release|Any CPU.Build.0 = Release|Any CPU
		{A8F660A5-DC7E-43BE-B1C0-770897DC8D44}.Release|x64.ActiveCfg = Release|Any CPU
		{A8F660A5-DC7E-43BE-B1C0-770897DC8D44}.Release|x64.Build.0 = Release|Any CPU
		{A8F660A5-DC7E-43BE-B1C0-770897DC8D44}.Release|x86.ActiveCfg = Release|Any CPU
		{A8F660A5-DC7E-43BE-B1C0-770897DC8D44}.Release|x86.Build.0 = Release|Any CPU
		{A8F660A5-DC7E-43BE-B1C0-770897DC8D44}.x86|Any CPU.ActiveCfg = x86|Any CPU
		{A8F660A5-DC7E-43BE-B1C0-770897DC8D44}.x86|Any CPU.Build.0 = x86|Any CPU
		{A8F660A5-DC7E-43BE-B1C0-770897DC8D44}.x86|x64.ActiveCfg = x86|Any CPU
		{A8F660A5-DC7E-43BE-B1C0-770897DC8D44}.x86|x64.Build.0 = x86|Any CPU
		{A8F660A5-DC7E-43BE-B1C0-770897DC8D44}.x86|x86.ActiveCfg = x86|Any CPU
		{A8F660A5-DC7E-43BE-B1C0-770897DC8D44}.x86|x86.Build.0 = x86|Any CPU
		{00A66533-9158-412B-A0E8-0495C0E1A1F7}.Debug (x86)|Any CPU.ActiveCfg = Debug|Any CPU
		{00A66533-9158-412B-A0E8-0495C0E1A1F7}.Debug (x86)|Any CPU.Build.0 = Debug|Any CPU
		{00A66533-9158-412B-A0E8-0495C0E1A1F7}.Debug (x86)|x64.ActiveCfg = Debug|Any CPU
		{00A66533-9158-412B-A0E8-0495C0E1A1F7}.Debug (x86)|x64.Build.0 = Debug|Any CPU
		{00A66533-9158-412B-A0E8-0495C0E1A1F7}.Debug (x86)|x86.ActiveCfg = Debug|Any CPU
		{00A66533-9158-412B-A0E8-0495C0E1A1F7}.Debug (x86)|x86.Build.0 = Debug|Any CPU
		{00A66533-9158-412B-A0E8-0495C0E1A1F7}.Debug|Any CPU.ActiveCfg = Debug|Any CPU
		{00A66533-9158-412B-A0E8-0495C0E1A1F7}.Debug|Any CPU.Build.0 = Debug|Any CPU
		{00A66533-9158-412B-A0E8-0495C0E1A1F7}.Debug|x64.ActiveCfg = Debug|Any CPU
		{00A66533-9158-412B-A0E8-0495C0E1A1F7}.Debug|x64.Build.0 = Debug|Any CPU
		{00A66533-9158-412B-A0E8-0495C0E1A1F7}.Debug|x86.ActiveCfg = Debug|Any CPU
		{00A66533-9158-412B-A0E8-0495C0E1A1F7}.Debug|x86.Build.0 = Debug|Any CPU
		{00A66533-9158-412B-A0E8-0495C0E1A1F7}.Release (x86)|Any CPU.ActiveCfg = Release|Any CPU
		{00A66533-9158-412B-A0E8-0495C0E1A1F7}.Release (x86)|Any CPU.Build.0 = Release|Any CPU
		{00A66533-9158-412B-A0E8-0495C0E1A1F7}.Release (x86)|x64.ActiveCfg = Release|Any CPU
		{00A66533-9158-412B-A0E8-0495C0E1A1F7}.Release (x86)|x64.Build.0 = Release|Any CPU
		{00A66533-9158-412B-A0E8-0495C0E1A1F7}.Release (x86)|x86.ActiveCfg = Release|Any CPU
		{00A66533-9158-412B-A0E8-0495C0E1A1F7}.Release (x86)|x86.Build.0 = Release|Any CPU
		{00A66533-9158-412B-A0E8-0495C0E1A1F7}.Release|Any CPU.ActiveCfg = Release|Any CPU
		{00A66533-9158-412B-A0E8-0495C0E1A1F7}.Release|Any CPU.Build.0 = Release|Any CPU
		{00A66533-9158-412B-A0E8-0495C0E1A1F7}.Release|x64.ActiveCfg = Release|Any CPU
		{00A66533-9158-412B-A0E8-0495C0E1A1F7}.Release|x64.Build.0 = Release|Any CPU
		{00A66533-9158-412B-A0E8-0495C0E1A1F7}.Release|x86.ActiveCfg = Release|Any CPU
		{00A66533-9158-412B-A0E8-0495C0E1A1F7}.Release|x86.Build.0 = Release|Any CPU
		{00A66533-9158-412B-A0E8-0495C0E1A1F7}.x86|Any CPU.ActiveCfg = x86|Any CPU
		{00A66533-9158-412B-A0E8-0495C0E1A1F7}.x86|Any CPU.Build.0 = x86|Any CPU
		{00A66533-9158-412B-A0E8-0495C0E1A1F7}.x86|x64.ActiveCfg = x86|Any CPU
		{00A66533-9158-412B-A0E8-0495C0E1A1F7}.x86|x64.Build.0 = x86|Any CPU
		{00A66533-9158-412B-A0E8-0495C0E1A1F7}.x86|x86.ActiveCfg = x86|Any CPU
		{00A66533-9158-412B-A0E8-0495C0E1A1F7}.x86|x86.Build.0 = x86|Any CPU
		{2CDCF592-C665-44A4-845A-E1453297FA37}.Debug (x86)|Any CPU.ActiveCfg = Debug|Any CPU
		{2CDCF592-C665-44A4-845A-E1453297FA37}.Debug (x86)|Any CPU.Build.0 = Debug|Any CPU
		{2CDCF592-C665-44A4-845A-E1453297FA37}.Debug (x86)|x64.ActiveCfg = Debug|Any CPU
		{2CDCF592-C665-44A4-845A-E1453297FA37}.Debug (x86)|x64.Build.0 = Debug|Any CPU
		{2CDCF592-C665-44A4-845A-E1453297FA37}.Debug (x86)|x86.ActiveCfg = Debug|Any CPU
		{2CDCF592-C665-44A4-845A-E1453297FA37}.Debug (x86)|x86.Build.0 = Debug|Any CPU
		{2CDCF592-C665-44A4-845A-E1453297FA37}.Debug|Any CPU.ActiveCfg = Debug|Any CPU
		{2CDCF592-C665-44A4-845A-E1453297FA37}.Debug|Any CPU.Build.0 = Debug|Any CPU
		{2CDCF592-C665-44A4-845A-E1453297FA37}.Debug|x64.ActiveCfg = Debug|Any CPU
		{2CDCF592-C665-44A4-845A-E1453297FA37}.Debug|x64.Build.0 = Debug|Any CPU
		{2CDCF592-C665-44A4-845A-E1453297FA37}.Debug|x86.ActiveCfg = Debug|Any CPU
		{2CDCF592-C665-44A4-845A-E1453297FA37}.Debug|x86.Build.0 = Debug|Any CPU
		{2CDCF592-C665-44A4-845A-E1453297FA37}.Release (x86)|Any CPU.ActiveCfg = Release|Any CPU
		{2CDCF592-C665-44A4-845A-E1453297FA37}.Release (x86)|Any CPU.Build.0 = Release|Any CPU
		{2CDCF592-C665-44A4-845A-E1453297FA37}.Release (x86)|x64.ActiveCfg = Release|Any CPU
		{2CDCF592-C665-44A4-845A-E1453297FA37}.Release (x86)|x64.Build.0 = Release|Any CPU
		{2CDCF592-C665-44A4-845A-E1453297FA37}.Release (x86)|x86.ActiveCfg = Release|Any CPU
		{2CDCF592-C665-44A4-845A-E1453297FA37}.Release (x86)|x86.Build.0 = Release|Any CPU
		{2CDCF592-C665-44A4-845A-E1453297FA37}.Release|Any CPU.ActiveCfg = Release|Any CPU
		{2CDCF592-C665-44A4-845A-E1453297FA37}.Release|Any CPU.Build.0 = Release|Any CPU
		{2CDCF592-C665-44A4-845A-E1453297FA37}.Release|x64.ActiveCfg = Release|Any CPU
		{2CDCF592-C665-44A4-845A-E1453297FA37}.Release|x64.Build.0 = Release|Any CPU
		{2CDCF592-C665-44A4-845A-E1453297FA37}.Release|x86.ActiveCfg = Release|Any CPU
		{2CDCF592-C665-44A4-845A-E1453297FA37}.Release|x86.Build.0 = Release|Any CPU
		{2CDCF592-C665-44A4-845A-E1453297FA37}.x86|Any CPU.ActiveCfg = Debug|Any CPU
		{2CDCF592-C665-44A4-845A-E1453297FA37}.x86|Any CPU.Build.0 = Debug|Any CPU
		{2CDCF592-C665-44A4-845A-E1453297FA37}.x86|x64.ActiveCfg = Release|Any CPU
		{2CDCF592-C665-44A4-845A-E1453297FA37}.x86|x64.Build.0 = Release|Any CPU
		{2CDCF592-C665-44A4-845A-E1453297FA37}.x86|x86.ActiveCfg = Release|Any CPU
		{2CDCF592-C665-44A4-845A-E1453297FA37}.x86|x86.Build.0 = Release|Any CPU
		{6D0B2EEA-2DCF-417B-A343-DC77E0D0C3B6}.Debug (x86)|Any CPU.ActiveCfg = Debug|Any CPU
		{6D0B2EEA-2DCF-417B-A343-DC77E0D0C3B6}.Debug (x86)|Any CPU.Build.0 = Debug|Any CPU
		{6D0B2EEA-2DCF-417B-A343-DC77E0D0C3B6}.Debug (x86)|x64.ActiveCfg = Debug|Any CPU
		{6D0B2EEA-2DCF-417B-A343-DC77E0D0C3B6}.Debug (x86)|x64.Build.0 = Debug|Any CPU
		{6D0B2EEA-2DCF-417B-A343-DC77E0D0C3B6}.Debug (x86)|x86.ActiveCfg = Debug|Any CPU
		{6D0B2EEA-2DCF-417B-A343-DC77E0D0C3B6}.Debug (x86)|x86.Build.0 = Debug|Any CPU
		{6D0B2EEA-2DCF-417B-A343-DC77E0D0C3B6}.Debug|Any CPU.ActiveCfg = Debug|Any CPU
		{6D0B2EEA-2DCF-417B-A343-DC77E0D0C3B6}.Debug|Any CPU.Build.0 = Debug|Any CPU
		{6D0B2EEA-2DCF-417B-A343-DC77E0D0C3B6}.Debug|x64.ActiveCfg = Debug|Any CPU
		{6D0B2EEA-2DCF-417B-A343-DC77E0D0C3B6}.Debug|x64.Build.0 = Debug|Any CPU
		{6D0B2EEA-2DCF-417B-A343-DC77E0D0C3B6}.Debug|x86.ActiveCfg = Debug|Any CPU
		{6D0B2EEA-2DCF-417B-A343-DC77E0D0C3B6}.Debug|x86.Build.0 = Debug|Any CPU
		{6D0B2EEA-2DCF-417B-A343-DC77E0D0C3B6}.Release (x86)|Any CPU.ActiveCfg = Release|Any CPU
		{6D0B2EEA-2DCF-417B-A343-DC77E0D0C3B6}.Release (x86)|Any CPU.Build.0 = Release|Any CPU
		{6D0B2EEA-2DCF-417B-A343-DC77E0D0C3B6}.Release (x86)|x64.ActiveCfg = Release|Any CPU
		{6D0B2EEA-2DCF-417B-A343-DC77E0D0C3B6}.Release (x86)|x64.Build.0 = Release|Any CPU
		{6D0B2EEA-2DCF-417B-A343-DC77E0D0C3B6}.Release (x86)|x86.ActiveCfg = Release|Any CPU
		{6D0B2EEA-2DCF-417B-A343-DC77E0D0C3B6}.Release (x86)|x86.Build.0 = Release|Any CPU
		{6D0B2EEA-2DCF-417B-A343-DC77E0D0C3B6}.Release|Any CPU.ActiveCfg = Release|Any CPU
		{6D0B2EEA-2DCF-417B-A343-DC77E0D0C3B6}.Release|Any CPU.Build.0 = Release|Any CPU
		{6D0B2EEA-2DCF-417B-A343-DC77E0D0C3B6}.Release|x64.ActiveCfg = Release|Any CPU
		{6D0B2EEA-2DCF-417B-A343-DC77E0D0C3B6}.Release|x64.Build.0 = Release|Any CPU
		{6D0B2EEA-2DCF-417B-A343-DC77E0D0C3B6}.Release|x86.ActiveCfg = Release|Any CPU
		{6D0B2EEA-2DCF-417B-A343-DC77E0D0C3B6}.Release|x86.Build.0 = Release|Any CPU
		{6D0B2EEA-2DCF-417B-A343-DC77E0D0C3B6}.x86|Any CPU.ActiveCfg = x86|Any CPU
		{6D0B2EEA-2DCF-417B-A343-DC77E0D0C3B6}.x86|Any CPU.Build.0 = x86|Any CPU
		{6D0B2EEA-2DCF-417B-A343-DC77E0D0C3B6}.x86|x64.ActiveCfg = x86|Any CPU
		{6D0B2EEA-2DCF-417B-A343-DC77E0D0C3B6}.x86|x64.Build.0 = x86|Any CPU
		{6D0B2EEA-2DCF-417B-A343-DC77E0D0C3B6}.x86|x86.ActiveCfg = x86|Any CPU
		{6D0B2EEA-2DCF-417B-A343-DC77E0D0C3B6}.x86|x86.Build.0 = x86|Any CPU
		{CD56B4A4-4AC2-4346-B1CB-EBA9BFF6335D}.Debug (x86)|Any CPU.ActiveCfg = Debug|Any CPU
		{CD56B4A4-4AC2-4346-B1CB-EBA9BFF6335D}.Debug (x86)|Any CPU.Build.0 = Debug|Any CPU
		{CD56B4A4-4AC2-4346-B1CB-EBA9BFF6335D}.Debug (x86)|x64.ActiveCfg = Debug|Any CPU
		{CD56B4A4-4AC2-4346-B1CB-EBA9BFF6335D}.Debug (x86)|x64.Build.0 = Debug|Any CPU
		{CD56B4A4-4AC2-4346-B1CB-EBA9BFF6335D}.Debug (x86)|x86.ActiveCfg = Debug|Any CPU
		{CD56B4A4-4AC2-4346-B1CB-EBA9BFF6335D}.Debug (x86)|x86.Build.0 = Debug|Any CPU
		{CD56B4A4-4AC2-4346-B1CB-EBA9BFF6335D}.Debug|Any CPU.ActiveCfg = Debug|Any CPU
		{CD56B4A4-4AC2-4346-B1CB-EBA9BFF6335D}.Debug|Any CPU.Build.0 = Debug|Any CPU
		{CD56B4A4-4AC2-4346-B1CB-EBA9BFF6335D}.Debug|x64.ActiveCfg = Debug|Any CPU
		{CD56B4A4-4AC2-4346-B1CB-EBA9BFF6335D}.Debug|x64.Build.0 = Debug|Any CPU
		{CD56B4A4-4AC2-4346-B1CB-EBA9BFF6335D}.Debug|x86.ActiveCfg = Debug|Any CPU
		{CD56B4A4-4AC2-4346-B1CB-EBA9BFF6335D}.Debug|x86.Build.0 = Debug|Any CPU
		{CD56B4A4-4AC2-4346-B1CB-EBA9BFF6335D}.Release (x86)|Any CPU.ActiveCfg = Release|Any CPU
		{CD56B4A4-4AC2-4346-B1CB-EBA9BFF6335D}.Release (x86)|Any CPU.Build.0 = Release|Any CPU
		{CD56B4A4-4AC2-4346-B1CB-EBA9BFF6335D}.Release (x86)|x64.ActiveCfg = Release|Any CPU
		{CD56B4A4-4AC2-4346-B1CB-EBA9BFF6335D}.Release (x86)|x64.Build.0 = Release|Any CPU
		{CD56B4A4-4AC2-4346-B1CB-EBA9BFF6335D}.Release (x86)|x86.ActiveCfg = Release|Any CPU
		{CD56B4A4-4AC2-4346-B1CB-EBA9BFF6335D}.Release (x86)|x86.Build.0 = Release|Any CPU
		{CD56B4A4-4AC2-4346-B1CB-EBA9BFF6335D}.Release|Any CPU.ActiveCfg = Release|Any CPU
		{CD56B4A4-4AC2-4346-B1CB-EBA9BFF6335D}.Release|Any CPU.Build.0 = Release|Any CPU
		{CD56B4A4-4AC2-4346-B1CB-EBA9BFF6335D}.Release|x64.ActiveCfg = Release|Any CPU
		{CD56B4A4-4AC2-4346-B1CB-EBA9BFF6335D}.Release|x64.Build.0 = Release|Any CPU
		{CD56B4A4-4AC2-4346-B1CB-EBA9BFF6335D}.Release|x86.ActiveCfg = Release|Any CPU
		{CD56B4A4-4AC2-4346-B1CB-EBA9BFF6335D}.Release|x86.Build.0 = Release|Any CPU
		{CD56B4A4-4AC2-4346-B1CB-EBA9BFF6335D}.x86|Any CPU.ActiveCfg = x86|Any CPU
		{CD56B4A4-4AC2-4346-B1CB-EBA9BFF6335D}.x86|Any CPU.Build.0 = x86|Any CPU
		{CD56B4A4-4AC2-4346-B1CB-EBA9BFF6335D}.x86|x64.ActiveCfg = x86|Any CPU
		{CD56B4A4-4AC2-4346-B1CB-EBA9BFF6335D}.x86|x64.Build.0 = x86|Any CPU
		{CD56B4A4-4AC2-4346-B1CB-EBA9BFF6335D}.x86|x86.ActiveCfg = x86|Any CPU
		{CD56B4A4-4AC2-4346-B1CB-EBA9BFF6335D}.x86|x86.Build.0 = x86|Any CPU
		{AC648CF6-3E5C-4C7A-8A6E-083AE962FA1C}.Debug (x86)|Any CPU.ActiveCfg = Debug (x86)|Any CPU
		{AC648CF6-3E5C-4C7A-8A6E-083AE962FA1C}.Debug (x86)|Any CPU.Build.0 = Debug (x86)|Any CPU
		{AC648CF6-3E5C-4C7A-8A6E-083AE962FA1C}.Debug (x86)|x64.ActiveCfg = Debug (x86)|x64
		{AC648CF6-3E5C-4C7A-8A6E-083AE962FA1C}.Debug (x86)|x64.Build.0 = Debug (x86)|x64
		{AC648CF6-3E5C-4C7A-8A6E-083AE962FA1C}.Debug (x86)|x86.ActiveCfg = Debug (x86)|x86
		{AC648CF6-3E5C-4C7A-8A6E-083AE962FA1C}.Debug (x86)|x86.Build.0 = Debug (x86)|x86
		{AC648CF6-3E5C-4C7A-8A6E-083AE962FA1C}.Debug|Any CPU.ActiveCfg = Debug|Any CPU
		{AC648CF6-3E5C-4C7A-8A6E-083AE962FA1C}.Debug|Any CPU.Build.0 = Debug|Any CPU
		{AC648CF6-3E5C-4C7A-8A6E-083AE962FA1C}.Debug|x64.ActiveCfg = Debug|x64
		{AC648CF6-3E5C-4C7A-8A6E-083AE962FA1C}.Debug|x64.Build.0 = Debug|x64
		{AC648CF6-3E5C-4C7A-8A6E-083AE962FA1C}.Debug|x86.ActiveCfg = Debug|x86
		{AC648CF6-3E5C-4C7A-8A6E-083AE962FA1C}.Debug|x86.Build.0 = Debug|x86
		{AC648CF6-3E5C-4C7A-8A6E-083AE962FA1C}.Release (x86)|Any CPU.ActiveCfg = Release (x86)|Any CPU
		{AC648CF6-3E5C-4C7A-8A6E-083AE962FA1C}.Release (x86)|Any CPU.Build.0 = Release (x86)|Any CPU
		{AC648CF6-3E5C-4C7A-8A6E-083AE962FA1C}.Release (x86)|x64.ActiveCfg = Release (x86)|x64
		{AC648CF6-3E5C-4C7A-8A6E-083AE962FA1C}.Release (x86)|x64.Build.0 = Release (x86)|x64
		{AC648CF6-3E5C-4C7A-8A6E-083AE962FA1C}.Release (x86)|x86.ActiveCfg = Release (x86)|x86
		{AC648CF6-3E5C-4C7A-8A6E-083AE962FA1C}.Release (x86)|x86.Build.0 = Release (x86)|x86
		{AC648CF6-3E5C-4C7A-8A6E-083AE962FA1C}.Release|Any CPU.ActiveCfg = Release|Any CPU
		{AC648CF6-3E5C-4C7A-8A6E-083AE962FA1C}.Release|Any CPU.Build.0 = Release|Any CPU
		{AC648CF6-3E5C-4C7A-8A6E-083AE962FA1C}.Release|x64.ActiveCfg = Release|x64
		{AC648CF6-3E5C-4C7A-8A6E-083AE962FA1C}.Release|x64.Build.0 = Release|x64
		{AC648CF6-3E5C-4C7A-8A6E-083AE962FA1C}.Release|x86.ActiveCfg = Release|x86
		{AC648CF6-3E5C-4C7A-8A6E-083AE962FA1C}.Release|x86.Build.0 = Release|x86
		{AC648CF6-3E5C-4C7A-8A6E-083AE962FA1C}.x86|Any CPU.ActiveCfg = x86|Any CPU
		{AC648CF6-3E5C-4C7A-8A6E-083AE962FA1C}.x86|Any CPU.Build.0 = x86|Any CPU
		{AC648CF6-3E5C-4C7A-8A6E-083AE962FA1C}.x86|x64.ActiveCfg = x86|x64
		{AC648CF6-3E5C-4C7A-8A6E-083AE962FA1C}.x86|x64.Build.0 = x86|x64
		{AC648CF6-3E5C-4C7A-8A6E-083AE962FA1C}.x86|x86.ActiveCfg = x86|x86
		{AC648CF6-3E5C-4C7A-8A6E-083AE962FA1C}.x86|x86.Build.0 = x86|x86
		{2C3B66BB-F1A9-4513-AB63-570D7687C6A7}.Debug (x86)|Any CPU.ActiveCfg = Debug|x64
		{2C3B66BB-F1A9-4513-AB63-570D7687C6A7}.Debug (x86)|Any CPU.Build.0 = Debug|x64
		{2C3B66BB-F1A9-4513-AB63-570D7687C6A7}.Debug (x86)|x64.ActiveCfg = Debug|x64
		{2C3B66BB-F1A9-4513-AB63-570D7687C6A7}.Debug (x86)|x64.Build.0 = Debug|x64
		{2C3B66BB-F1A9-4513-AB63-570D7687C6A7}.Debug (x86)|x86.ActiveCfg = Debug|Win32
		{2C3B66BB-F1A9-4513-AB63-570D7687C6A7}.Debug (x86)|x86.Build.0 = Debug|Win32
		{2C3B66BB-F1A9-4513-AB63-570D7687C6A7}.Debug|Any CPU.ActiveCfg = Debug|x64
		{2C3B66BB-F1A9-4513-AB63-570D7687C6A7}.Debug|Any CPU.Build.0 = Debug|x64
		{2C3B66BB-F1A9-4513-AB63-570D7687C6A7}.Debug|x64.ActiveCfg = Debug|x64
		{2C3B66BB-F1A9-4513-AB63-570D7687C6A7}.Debug|x64.Build.0 = Debug|x64
		{2C3B66BB-F1A9-4513-AB63-570D7687C6A7}.Debug|x86.ActiveCfg = Debug|Win32
		{2C3B66BB-F1A9-4513-AB63-570D7687C6A7}.Debug|x86.Build.0 = Debug|Win32
		{2C3B66BB-F1A9-4513-AB63-570D7687C6A7}.Release (x86)|Any CPU.ActiveCfg = Release|x64
		{2C3B66BB-F1A9-4513-AB63-570D7687C6A7}.Release (x86)|Any CPU.Build.0 = Release|x64
		{2C3B66BB-F1A9-4513-AB63-570D7687C6A7}.Release (x86)|x64.ActiveCfg = Release|x64
		{2C3B66BB-F1A9-4513-AB63-570D7687C6A7}.Release (x86)|x64.Build.0 = Release|x64
		{2C3B66BB-F1A9-4513-AB63-570D7687C6A7}.Release (x86)|x86.ActiveCfg = Release|Win32
		{2C3B66BB-F1A9-4513-AB63-570D7687C6A7}.Release (x86)|x86.Build.0 = Release|Win32
		{2C3B66BB-F1A9-4513-AB63-570D7687C6A7}.Release|Any CPU.ActiveCfg = Release|x64
		{2C3B66BB-F1A9-4513-AB63-570D7687C6A7}.Release|Any CPU.Build.0 = Release|x64
		{2C3B66BB-F1A9-4513-AB63-570D7687C6A7}.Release|x64.ActiveCfg = Release|x64
		{2C3B66BB-F1A9-4513-AB63-570D7687C6A7}.Release|x64.Build.0 = Release|x64
		{2C3B66BB-F1A9-4513-AB63-570D7687C6A7}.Release|x86.ActiveCfg = Release|Win32
		{2C3B66BB-F1A9-4513-AB63-570D7687C6A7}.Release|x86.Build.0 = Release|Win32
		{2C3B66BB-F1A9-4513-AB63-570D7687C6A7}.x86|Any CPU.ActiveCfg = Debug|x64
		{2C3B66BB-F1A9-4513-AB63-570D7687C6A7}.x86|Any CPU.Build.0 = Debug|x64
		{2C3B66BB-F1A9-4513-AB63-570D7687C6A7}.x86|x64.ActiveCfg = Debug|x64
		{2C3B66BB-F1A9-4513-AB63-570D7687C6A7}.x86|x64.Build.0 = Debug|x64
		{2C3B66BB-F1A9-4513-AB63-570D7687C6A7}.x86|x86.ActiveCfg = Debug|Win32
		{2C3B66BB-F1A9-4513-AB63-570D7687C6A7}.x86|x86.Build.0 = Debug|Win32
		{63138773-1F47-474C-9345-15EB6183ECC6}.Debug (x86)|Any CPU.ActiveCfg = Debug|Any CPU
		{63138773-1F47-474C-9345-15EB6183ECC6}.Debug (x86)|Any CPU.Build.0 = Debug|Any CPU
		{63138773-1F47-474C-9345-15EB6183ECC6}.Debug (x86)|x64.ActiveCfg = Debug|Any CPU
		{63138773-1F47-474C-9345-15EB6183ECC6}.Debug (x86)|x64.Build.0 = Debug|Any CPU
		{63138773-1F47-474C-9345-15EB6183ECC6}.Debug (x86)|x86.ActiveCfg = Debug|Any CPU
		{63138773-1F47-474C-9345-15EB6183ECC6}.Debug (x86)|x86.Build.0 = Debug|Any CPU
		{63138773-1F47-474C-9345-15EB6183ECC6}.Debug|Any CPU.ActiveCfg = Debug|Any CPU
		{63138773-1F47-474C-9345-15EB6183ECC6}.Debug|Any CPU.Build.0 = Debug|Any CPU
		{63138773-1F47-474C-9345-15EB6183ECC6}.Debug|x64.ActiveCfg = Debug|Any CPU
		{63138773-1F47-474C-9345-15EB6183ECC6}.Debug|x64.Build.0 = Debug|Any CPU
		{63138773-1F47-474C-9345-15EB6183ECC6}.Debug|x86.ActiveCfg = Debug|Any CPU
		{63138773-1F47-474C-9345-15EB6183ECC6}.Debug|x86.Build.0 = Debug|Any CPU
		{63138773-1F47-474C-9345-15EB6183ECC6}.Release (x86)|Any CPU.ActiveCfg = Release|Any CPU
		{63138773-1F47-474C-9345-15EB6183ECC6}.Release (x86)|Any CPU.Build.0 = Release|Any CPU
		{63138773-1F47-474C-9345-15EB6183ECC6}.Release (x86)|x64.ActiveCfg = Release|Any CPU
		{63138773-1F47-474C-9345-15EB6183ECC6}.Release (x86)|x64.Build.0 = Release|Any CPU
		{63138773-1F47-474C-9345-15EB6183ECC6}.Release (x86)|x86.ActiveCfg = Release|Any CPU
		{63138773-1F47-474C-9345-15EB6183ECC6}.Release (x86)|x86.Build.0 = Release|Any CPU
		{63138773-1F47-474C-9345-15EB6183ECC6}.Release|Any CPU.ActiveCfg = Release|Any CPU
		{63138773-1F47-474C-9345-15EB6183ECC6}.Release|Any CPU.Build.0 = Release|Any CPU
		{63138773-1F47-474C-9345-15EB6183ECC6}.Release|x64.ActiveCfg = Release|Any CPU
		{63138773-1F47-474C-9345-15EB6183ECC6}.Release|x64.Build.0 = Release|Any CPU
		{63138773-1F47-474C-9345-15EB6183ECC6}.Release|x86.ActiveCfg = Release|Any CPU
		{63138773-1F47-474C-9345-15EB6183ECC6}.Release|x86.Build.0 = Release|Any CPU
		{63138773-1F47-474C-9345-15EB6183ECC6}.x86|Any CPU.ActiveCfg = Debug|Any CPU
		{63138773-1F47-474C-9345-15EB6183ECC6}.x86|Any CPU.Build.0 = Debug|Any CPU
		{63138773-1F47-474C-9345-15EB6183ECC6}.x86|x64.ActiveCfg = Debug|Any CPU
		{63138773-1F47-474C-9345-15EB6183ECC6}.x86|x64.Build.0 = Debug|Any CPU
		{63138773-1F47-474C-9345-15EB6183ECC6}.x86|x86.ActiveCfg = Debug|Any CPU
		{63138773-1F47-474C-9345-15EB6183ECC6}.x86|x86.Build.0 = Debug|Any CPU
		{6B9B7F49-E629-4595-97B5-03D2232305F8}.Debug (x86)|Any CPU.ActiveCfg = Debug|Any CPU
		{6B9B7F49-E629-4595-97B5-03D2232305F8}.Debug (x86)|Any CPU.Build.0 = Debug|Any CPU
		{6B9B7F49-E629-4595-97B5-03D2232305F8}.Debug (x86)|x64.ActiveCfg = Debug|Any CPU
		{6B9B7F49-E629-4595-97B5-03D2232305F8}.Debug (x86)|x64.Build.0 = Debug|Any CPU
		{6B9B7F49-E629-4595-97B5-03D2232305F8}.Debug (x86)|x86.ActiveCfg = Debug|Any CPU
		{6B9B7F49-E629-4595-97B5-03D2232305F8}.Debug (x86)|x86.Build.0 = Debug|Any CPU
		{6B9B7F49-E629-4595-97B5-03D2232305F8}.Debug|Any CPU.ActiveCfg = Debug|Any CPU
		{6B9B7F49-E629-4595-97B5-03D2232305F8}.Debug|Any CPU.Build.0 = Debug|Any CPU
		{6B9B7F49-E629-4595-97B5-03D2232305F8}.Debug|x64.ActiveCfg = Debug|Any CPU
		{6B9B7F49-E629-4595-97B5-03D2232305F8}.Debug|x64.Build.0 = Debug|Any CPU
		{6B9B7F49-E629-4595-97B5-03D2232305F8}.Debug|x86.ActiveCfg = Debug|Any CPU
		{6B9B7F49-E629-4595-97B5-03D2232305F8}.Debug|x86.Build.0 = Debug|Any CPU
		{6B9B7F49-E629-4595-97B5-03D2232305F8}.Release (x86)|Any CPU.ActiveCfg = Release|Any CPU
		{6B9B7F49-E629-4595-97B5-03D2232305F8}.Release (x86)|Any CPU.Build.0 = Release|Any CPU
		{6B9B7F49-E629-4595-97B5-03D2232305F8}.Release (x86)|x64.ActiveCfg = Release|Any CPU
		{6B9B7F49-E629-4595-97B5-03D2232305F8}.Release (x86)|x64.Build.0 = Release|Any CPU
		{6B9B7F49-E629-4595-97B5-03D2232305F8}.Release (x86)|x86.ActiveCfg = Release|Any CPU
		{6B9B7F49-E629-4595-97B5-03D2232305F8}.Release (x86)|x86.Build.0 = Release|Any CPU
		{6B9B7F49-E629-4595-97B5-03D2232305F8}.Release|Any CPU.ActiveCfg = Release|Any CPU
		{6B9B7F49-E629-4595-97B5-03D2232305F8}.Release|Any CPU.Build.0 = Release|Any CPU
		{6B9B7F49-E629-4595-97B5-03D2232305F8}.Release|x64.ActiveCfg = Release|Any CPU
		{6B9B7F49-E629-4595-97B5-03D2232305F8}.Release|x64.Build.0 = Release|Any CPU
		{6B9B7F49-E629-4595-97B5-03D2232305F8}.Release|x86.ActiveCfg = Release|Any CPU
		{6B9B7F49-E629-4595-97B5-03D2232305F8}.Release|x86.Build.0 = Release|Any CPU
		{6B9B7F49-E629-4595-97B5-03D2232305F8}.x86|Any CPU.ActiveCfg = Debug|Any CPU
		{6B9B7F49-E629-4595-97B5-03D2232305F8}.x86|Any CPU.Build.0 = Debug|Any CPU
		{6B9B7F49-E629-4595-97B5-03D2232305F8}.x86|x64.ActiveCfg = Debug|Any CPU
		{6B9B7F49-E629-4595-97B5-03D2232305F8}.x86|x64.Build.0 = Debug|Any CPU
		{6B9B7F49-E629-4595-97B5-03D2232305F8}.x86|x86.ActiveCfg = Debug|Any CPU
		{6B9B7F49-E629-4595-97B5-03D2232305F8}.x86|x86.Build.0 = Debug|Any CPU
		{84D63988-81DE-4639-8E44-FE5A25EDDC97}.Debug (x86)|Any CPU.ActiveCfg = Debug|Any CPU
		{84D63988-81DE-4639-8E44-FE5A25EDDC97}.Debug (x86)|Any CPU.Build.0 = Debug|Any CPU
		{84D63988-81DE-4639-8E44-FE5A25EDDC97}.Debug (x86)|x64.ActiveCfg = Debug|Any CPU
		{84D63988-81DE-4639-8E44-FE5A25EDDC97}.Debug (x86)|x64.Build.0 = Debug|Any CPU
		{84D63988-81DE-4639-8E44-FE5A25EDDC97}.Debug (x86)|x86.ActiveCfg = Debug|Any CPU
		{84D63988-81DE-4639-8E44-FE5A25EDDC97}.Debug (x86)|x86.Build.0 = Debug|Any CPU
		{84D63988-81DE-4639-8E44-FE5A25EDDC97}.Debug|Any CPU.ActiveCfg = Debug|Any CPU
		{84D63988-81DE-4639-8E44-FE5A25EDDC97}.Debug|Any CPU.Build.0 = Debug|Any CPU
		{84D63988-81DE-4639-8E44-FE5A25EDDC97}.Debug|x64.ActiveCfg = Debug|Any CPU
		{84D63988-81DE-4639-8E44-FE5A25EDDC97}.Debug|x64.Build.0 = Debug|Any CPU
		{84D63988-81DE-4639-8E44-FE5A25EDDC97}.Debug|x86.ActiveCfg = Debug|Any CPU
		{84D63988-81DE-4639-8E44-FE5A25EDDC97}.Debug|x86.Build.0 = Debug|Any CPU
		{84D63988-81DE-4639-8E44-FE5A25EDDC97}.Release (x86)|Any CPU.ActiveCfg = Release|Any CPU
		{84D63988-81DE-4639-8E44-FE5A25EDDC97}.Release (x86)|Any CPU.Build.0 = Release|Any CPU
		{84D63988-81DE-4639-8E44-FE5A25EDDC97}.Release (x86)|x64.ActiveCfg = Release|Any CPU
		{84D63988-81DE-4639-8E44-FE5A25EDDC97}.Release (x86)|x64.Build.0 = Release|Any CPU
		{84D63988-81DE-4639-8E44-FE5A25EDDC97}.Release (x86)|x86.ActiveCfg = Release|Any CPU
		{84D63988-81DE-4639-8E44-FE5A25EDDC97}.Release (x86)|x86.Build.0 = Release|Any CPU
		{84D63988-81DE-4639-8E44-FE5A25EDDC97}.Release|Any CPU.ActiveCfg = Release|Any CPU
		{84D63988-81DE-4639-8E44-FE5A25EDDC97}.Release|Any CPU.Build.0 = Release|Any CPU
		{84D63988-81DE-4639-8E44-FE5A25EDDC97}.Release|x64.ActiveCfg = Release|Any CPU
		{84D63988-81DE-4639-8E44-FE5A25EDDC97}.Release|x64.Build.0 = Release|Any CPU
		{84D63988-81DE-4639-8E44-FE5A25EDDC97}.Release|x86.ActiveCfg = Release|Any CPU
		{84D63988-81DE-4639-8E44-FE5A25EDDC97}.Release|x86.Build.0 = Release|Any CPU
		{84D63988-81DE-4639-8E44-FE5A25EDDC97}.x86|Any CPU.ActiveCfg = Debug|Any CPU
		{84D63988-81DE-4639-8E44-FE5A25EDDC97}.x86|Any CPU.Build.0 = Debug|Any CPU
		{84D63988-81DE-4639-8E44-FE5A25EDDC97}.x86|x64.ActiveCfg = Debug|Any CPU
		{84D63988-81DE-4639-8E44-FE5A25EDDC97}.x86|x64.Build.0 = Debug|Any CPU
		{84D63988-81DE-4639-8E44-FE5A25EDDC97}.x86|x86.ActiveCfg = Debug|Any CPU
		{84D63988-81DE-4639-8E44-FE5A25EDDC97}.x86|x86.Build.0 = Debug|Any CPU
		{ED5D3E22-804B-4BAA-BD7F-F47F19804CF8}.Debug (x86)|Any CPU.ActiveCfg = Debug|Any CPU
		{ED5D3E22-804B-4BAA-BD7F-F47F19804CF8}.Debug (x86)|Any CPU.Build.0 = Debug|Any CPU
		{ED5D3E22-804B-4BAA-BD7F-F47F19804CF8}.Debug (x86)|x64.ActiveCfg = Debug|Any CPU
		{ED5D3E22-804B-4BAA-BD7F-F47F19804CF8}.Debug (x86)|x64.Build.0 = Debug|Any CPU
		{ED5D3E22-804B-4BAA-BD7F-F47F19804CF8}.Debug (x86)|x86.ActiveCfg = Debug|Any CPU
		{ED5D3E22-804B-4BAA-BD7F-F47F19804CF8}.Debug (x86)|x86.Build.0 = Debug|Any CPU
		{ED5D3E22-804B-4BAA-BD7F-F47F19804CF8}.Debug|Any CPU.ActiveCfg = Debug|Any CPU
		{ED5D3E22-804B-4BAA-BD7F-F47F19804CF8}.Debug|Any CPU.Build.0 = Debug|Any CPU
		{ED5D3E22-804B-4BAA-BD7F-F47F19804CF8}.Debug|x64.ActiveCfg = Debug|Any CPU
		{ED5D3E22-804B-4BAA-BD7F-F47F19804CF8}.Debug|x64.Build.0 = Debug|Any CPU
		{ED5D3E22-804B-4BAA-BD7F-F47F19804CF8}.Debug|x86.ActiveCfg = Debug|Any CPU
		{ED5D3E22-804B-4BAA-BD7F-F47F19804CF8}.Debug|x86.Build.0 = Debug|Any CPU
		{ED5D3E22-804B-4BAA-BD7F-F47F19804CF8}.Release (x86)|Any CPU.ActiveCfg = Release|Any CPU
		{ED5D3E22-804B-4BAA-BD7F-F47F19804CF8}.Release (x86)|Any CPU.Build.0 = Release|Any CPU
		{ED5D3E22-804B-4BAA-BD7F-F47F19804CF8}.Release (x86)|x64.ActiveCfg = Release|Any CPU
		{ED5D3E22-804B-4BAA-BD7F-F47F19804CF8}.Release (x86)|x64.Build.0 = Release|Any CPU
		{ED5D3E22-804B-4BAA-BD7F-F47F19804CF8}.Release (x86)|x86.ActiveCfg = Release|Any CPU
		{ED5D3E22-804B-4BAA-BD7F-F47F19804CF8}.Release (x86)|x86.Build.0 = Release|Any CPU
		{ED5D3E22-804B-4BAA-BD7F-F47F19804CF8}.Release|Any CPU.ActiveCfg = Release|Any CPU
		{ED5D3E22-804B-4BAA-BD7F-F47F19804CF8}.Release|Any CPU.Build.0 = Release|Any CPU
		{ED5D3E22-804B-4BAA-BD7F-F47F19804CF8}.Release|x64.ActiveCfg = Release|Any CPU
		{ED5D3E22-804B-4BAA-BD7F-F47F19804CF8}.Release|x64.Build.0 = Release|Any CPU
		{ED5D3E22-804B-4BAA-BD7F-F47F19804CF8}.Release|x86.ActiveCfg = Release|Any CPU
		{ED5D3E22-804B-4BAA-BD7F-F47F19804CF8}.Release|x86.Build.0 = Release|Any CPU
		{ED5D3E22-804B-4BAA-BD7F-F47F19804CF8}.x86|Any CPU.ActiveCfg = Debug|Any CPU
		{ED5D3E22-804B-4BAA-BD7F-F47F19804CF8}.x86|Any CPU.Build.0 = Debug|Any CPU
		{ED5D3E22-804B-4BAA-BD7F-F47F19804CF8}.x86|x64.ActiveCfg = Debug|Any CPU
		{ED5D3E22-804B-4BAA-BD7F-F47F19804CF8}.x86|x64.Build.0 = Debug|Any CPU
		{ED5D3E22-804B-4BAA-BD7F-F47F19804CF8}.x86|x86.ActiveCfg = Debug|Any CPU
		{ED5D3E22-804B-4BAA-BD7F-F47F19804CF8}.x86|x86.Build.0 = Debug|Any CPU
		{A55D0A52-904C-4BF2-970B-17299B433588}.Debug (x86)|Any CPU.ActiveCfg = Debug|Any CPU
		{A55D0A52-904C-4BF2-970B-17299B433588}.Debug (x86)|Any CPU.Build.0 = Debug|Any CPU
		{A55D0A52-904C-4BF2-970B-17299B433588}.Debug (x86)|x64.ActiveCfg = Debug|Any CPU
		{A55D0A52-904C-4BF2-970B-17299B433588}.Debug (x86)|x64.Build.0 = Debug|Any CPU
		{A55D0A52-904C-4BF2-970B-17299B433588}.Debug (x86)|x86.ActiveCfg = Debug|Any CPU
		{A55D0A52-904C-4BF2-970B-17299B433588}.Debug (x86)|x86.Build.0 = Debug|Any CPU
		{A55D0A52-904C-4BF2-970B-17299B433588}.Debug|Any CPU.ActiveCfg = Debug|Any CPU
		{A55D0A52-904C-4BF2-970B-17299B433588}.Debug|Any CPU.Build.0 = Debug|Any CPU
		{A55D0A52-904C-4BF2-970B-17299B433588}.Debug|x64.ActiveCfg = Debug|Any CPU
		{A55D0A52-904C-4BF2-970B-17299B433588}.Debug|x64.Build.0 = Debug|Any CPU
		{A55D0A52-904C-4BF2-970B-17299B433588}.Debug|x86.ActiveCfg = Debug|Any CPU
		{A55D0A52-904C-4BF2-970B-17299B433588}.Debug|x86.Build.0 = Debug|Any CPU
		{A55D0A52-904C-4BF2-970B-17299B433588}.Release (x86)|Any CPU.ActiveCfg = Release|Any CPU
		{A55D0A52-904C-4BF2-970B-17299B433588}.Release (x86)|Any CPU.Build.0 = Release|Any CPU
		{A55D0A52-904C-4BF2-970B-17299B433588}.Release (x86)|x64.ActiveCfg = Release|Any CPU
		{A55D0A52-904C-4BF2-970B-17299B433588}.Release (x86)|x64.Build.0 = Release|Any CPU
		{A55D0A52-904C-4BF2-970B-17299B433588}.Release (x86)|x86.ActiveCfg = Release|Any CPU
		{A55D0A52-904C-4BF2-970B-17299B433588}.Release (x86)|x86.Build.0 = Release|Any CPU
		{A55D0A52-904C-4BF2-970B-17299B433588}.Release|Any CPU.ActiveCfg = Release|Any CPU
		{A55D0A52-904C-4BF2-970B-17299B433588}.Release|Any CPU.Build.0 = Release|Any CPU
		{A55D0A52-904C-4BF2-970B-17299B433588}.Release|x64.ActiveCfg = Release|Any CPU
		{A55D0A52-904C-4BF2-970B-17299B433588}.Release|x64.Build.0 = Release|Any CPU
		{A55D0A52-904C-4BF2-970B-17299B433588}.Release|x86.ActiveCfg = Release|Any CPU
		{A55D0A52-904C-4BF2-970B-17299B433588}.Release|x86.Build.0 = Release|Any CPU
		{A55D0A52-904C-4BF2-970B-17299B433588}.x86|Any CPU.ActiveCfg = Debug|Any CPU
		{A55D0A52-904C-4BF2-970B-17299B433588}.x86|Any CPU.Build.0 = Debug|Any CPU
		{A55D0A52-904C-4BF2-970B-17299B433588}.x86|x64.ActiveCfg = Debug|Any CPU
		{A55D0A52-904C-4BF2-970B-17299B433588}.x86|x64.Build.0 = Debug|Any CPU
		{A55D0A52-904C-4BF2-970B-17299B433588}.x86|x86.ActiveCfg = Debug|Any CPU
		{A55D0A52-904C-4BF2-970B-17299B433588}.x86|x86.Build.0 = Debug|Any CPU
	EndGlobalSection
	GlobalSection(SolutionProperties) = preSolution
		HideSolutionNode = FALSE
	EndGlobalSection
	GlobalSection(ExtensibilityGlobals) = postSolution
		SolutionGuid = {D8D1CF84-D687-4565-8830-F22C339D0473}
	EndGlobalSection
EndGlobal
