Microsoft Visual Studio Solution File, Format Version 12.00
# Visual Studio Version 17
VisualStudioVersion = 17.7.34024.191
MinimumVisualStudioVersion = 10.0.40219.1
Project("{9A19103F-16F7-4668-BE54-9A1E7A4F7556}") = "AquaAutoRig", "AquaAutoRig\AquaAutoRig.csproj", "{B1AE95F0-1AA7-44F3-87E4-0FAE1EEDC09D}"
EndProject
Project("{9A19103F-16F7-4668-BE54-9A1E7A4F7556}") = "CMXPatcher", "CMXPatcher\CMXPatcher.csproj", "{00A66533-9158-412B-A0E8-0495C0E1A1F7}"
EndProject
Project("{9A19103F-16F7-4668-BE54-9A1E7A4F7556}") = "FalseIdola", "FalseIdola\FalseIdola.csproj", "{2CDCF592-C665-44A4-845A-E1453297FA37}"
EndProject
Project("{9A19103F-16F7-4668-BE54-9A1E7A4F7556}") = "SoulsModelTool", "SoulsModelTool\SoulsModelTool.csproj", "{6D0B2EEA-2DCF-417B-A343-DC77E0D0C3B6}"
EndProject
Project("{9A19103F-16F7-4668-BE54-9A1E7A4F7556}") = "WeaponInstaller", "WeaponInstaller\WeaponInstaller.csproj", "{CD56B4A4-4AC2-4346-B1CB-EBA9BFF6335D}"
EndProject
Project("{8BC9CEB8-8B4A-11D0-8D11-00A0C91BC942}") = "AquaModelLibrary.Native", "PSO2-Aqua-Library\AquaModelLibrary.Native\AquaModelLibrary.Native.vcxproj", "{2C3B66BB-F1A9-4513-AB63-570D7687C6A7}"
	ProjectSection(ProjectDependencies) = postProject
		{53E191B3-9BAE-4A34-B877-551D2DCB08F9} = {53E191B3-9BAE-4A34-B877-551D2DCB08F9}
	EndProjectSection
EndProject
Project("{FAE04EC0-301F-11D3-BF4B-00C04F79EFBC}") = "SonicAudioLib", "SonicAudioTools\Source\SonicAudioLib\SonicAudioLib.csproj", "{63138773-1F47-474C-9345-15EB6183ECC6}"
EndProject
Project("{9A19103F-16F7-4668-BE54-9A1E7A4F7556}") = "VGAudio", "VGAudio\src\VGAudio\VGAudio.csproj", "{6B9B7F49-E629-4595-97B5-03D2232305F8}"
EndProject
Project("{FAE04EC0-301F-11D3-BF4B-00C04F79EFBC}") = "ZamboniLib", "PSO2-Aqua-Library\ZamboniLib\ZamboniLib\ZamboniLib.csproj", "{84D63988-81DE-4639-8E44-FE5A25EDDC97}"
EndProject
Project("{FAE04EC0-301F-11D3-BF4B-00C04F79EFBC}") = "UnluacNET", "PSO2-Aqua-Library\UnluacNET\UnluacNET.csproj", "{ED5D3E22-804B-4BAA-BD7F-F47F19804CF8}"
EndProject
Project("{9A19103F-16F7-4668-BE54-9A1E7A4F7556}") = "SoulsFormats", "PSO2-Aqua-Library\SoulsFormats\SoulsFormats\SoulsFormats.csproj", "{A55D0A52-904C-4BF2-970B-17299B433588}"
EndProject
Project("{2150E333-8FDC-42A3-9474-1A3956D46DE8}") = "SAToolsShared", "SAToolsShared", "{195E7C54-CE52-4EFD-B642-1BB6A9AC274F}"
EndProject
Project("{9A19103F-16F7-4668-BE54-9A1E7A4F7556}") = "ArchiveLib", "PSO2-Aqua-Library\SAToolsShared\ArchiveLib\ArchiveLib.csproj", "{E679DF3E-4AD5-462E-B875-CF53681F2362}"
EndProject
Project("{9A19103F-16F7-4668-BE54-9A1E7A4F7556}") = "VrSharp", "PSO2-Aqua-Library\SAToolsShared\VrSharp\VrSharp.csproj", "{9E971B72-151F-42D0-A84B-F726BCBF770B}"
EndProject
Project("{9A19103F-16F7-4668-BE54-9A1E7A4F7556}") = "AquaModelTool", "AquaModelTool\AquaModelTool.csproj", "{728DC4B7-40EA-471C-8A3B-9DFC141925F0}"
EndProject
Project("{9A19103F-16F7-4668-BE54-9A1E7A4F7556}") = "AquaModelLibrary.Helpers", "PSO2-Aqua-Library\AquaModelLibrary.Extensions\AquaModelLibrary.Helpers.csproj", "{4561B5CC-E3FA-4754-B502-AABFCE0CE4E5}"
EndProject
Project("{9A19103F-16F7-4668-BE54-9A1E7A4F7556}") = "AquaModelLibrary.Data", "PSO2-Aqua-Library\AquaModelLibrary.Data\AquaModelLibrary.Data.csproj", "{53E191B3-9BAE-4A34-B877-551D2DCB08F9}"
EndProject
Project("{9A19103F-16F7-4668-BE54-9A1E7A4F7556}") = "AquaModelLibrary.Core", "PSO2-Aqua-Library\AquaModelLibrary.Core\AquaModelLibrary.Core.csproj", "{DA174023-5342-4845-BD0C-8D421C33161D}"
EndProject
Global
	GlobalSection(SolutionConfigurationPlatforms) = preSolution
		Debug|Any CPU = Debug|Any CPU
		Debug|x64 = Debug|x64
		Release|Any CPU = Release|Any CPU
		Release|x64 = Release|x64
	EndGlobalSection
	GlobalSection(ProjectConfigurationPlatforms) = postSolution
		{B1AE95F0-1AA7-44F3-87E4-0FAE1EEDC09D}.Debug|Any CPU.ActiveCfg = Debug|Any CPU
		{B1AE95F0-1AA7-44F3-87E4-0FAE1EEDC09D}.Debug|Any CPU.Build.0 = Debug|Any CPU
		{B1AE95F0-1AA7-44F3-87E4-0FAE1EEDC09D}.Debug|x64.ActiveCfg = Debug|Any CPU
		{B1AE95F0-1AA7-44F3-87E4-0FAE1EEDC09D}.Debug|x64.Build.0 = Debug|Any CPU
		{B1AE95F0-1AA7-44F3-87E4-0FAE1EEDC09D}.Release|Any CPU.ActiveCfg = Release|Any CPU
		{B1AE95F0-1AA7-44F3-87E4-0FAE1EEDC09D}.Release|Any CPU.Build.0 = Release|Any CPU
		{B1AE95F0-1AA7-44F3-87E4-0FAE1EEDC09D}.Release|x64.ActiveCfg = Release|Any CPU
		{B1AE95F0-1AA7-44F3-87E4-0FAE1EEDC09D}.Release|x64.Build.0 = Release|Any CPU
		{00A66533-9158-412B-A0E8-0495C0E1A1F7}.Debug|Any CPU.ActiveCfg = Debug|Any CPU
		{00A66533-9158-412B-A0E8-0495C0E1A1F7}.Debug|Any CPU.Build.0 = Debug|Any CPU
		{00A66533-9158-412B-A0E8-0495C0E1A1F7}.Debug|x64.ActiveCfg = Debug|Any CPU
		{00A66533-9158-412B-A0E8-0495C0E1A1F7}.Debug|x64.Build.0 = Debug|Any CPU
		{00A66533-9158-412B-A0E8-0495C0E1A1F7}.Release|Any CPU.ActiveCfg = Release|Any CPU
		{00A66533-9158-412B-A0E8-0495C0E1A1F7}.Release|Any CPU.Build.0 = Release|Any CPU
		{00A66533-9158-412B-A0E8-0495C0E1A1F7}.Release|x64.ActiveCfg = Release|Any CPU
		{00A66533-9158-412B-A0E8-0495C0E1A1F7}.Release|x64.Build.0 = Release|Any CPU
		{2CDCF592-C665-44A4-845A-E1453297FA37}.Debug|Any CPU.ActiveCfg = Debug|Any CPU
		{2CDCF592-C665-44A4-845A-E1453297FA37}.Debug|Any CPU.Build.0 = Debug|Any CPU
		{2CDCF592-C665-44A4-845A-E1453297FA37}.Debug|x64.ActiveCfg = Debug|Any CPU
		{2CDCF592-C665-44A4-845A-E1453297FA37}.Debug|x64.Build.0 = Debug|Any CPU
		{2CDCF592-C665-44A4-845A-E1453297FA37}.Release|Any CPU.ActiveCfg = Release|Any CPU
		{2CDCF592-C665-44A4-845A-E1453297FA37}.Release|Any CPU.Build.0 = Release|Any CPU
		{2CDCF592-C665-44A4-845A-E1453297FA37}.Release|x64.ActiveCfg = Release|Any CPU
		{2CDCF592-C665-44A4-845A-E1453297FA37}.Release|x64.Build.0 = Release|Any CPU
		{6D0B2EEA-2DCF-417B-A343-DC77E0D0C3B6}.Debug|Any CPU.ActiveCfg = Debug|Any CPU
		{6D0B2EEA-2DCF-417B-A343-DC77E0D0C3B6}.Debug|Any CPU.Build.0 = Debug|Any CPU
		{6D0B2EEA-2DCF-417B-A343-DC77E0D0C3B6}.Debug|x64.ActiveCfg = Debug|Any CPU
		{6D0B2EEA-2DCF-417B-A343-DC77E0D0C3B6}.Debug|x64.Build.0 = Debug|Any CPU
		{6D0B2EEA-2DCF-417B-A343-DC77E0D0C3B6}.Release|Any CPU.ActiveCfg = Release|Any CPU
		{6D0B2EEA-2DCF-417B-A343-DC77E0D0C3B6}.Release|Any CPU.Build.0 = Release|Any CPU
		{6D0B2EEA-2DCF-417B-A343-DC77E0D0C3B6}.Release|x64.ActiveCfg = Release|Any CPU
		{6D0B2EEA-2DCF-417B-A343-DC77E0D0C3B6}.Release|x64.Build.0 = Release|Any CPU
		{CD56B4A4-4AC2-4346-B1CB-EBA9BFF6335D}.Debug|Any CPU.ActiveCfg = Debug|Any CPU
		{CD56B4A4-4AC2-4346-B1CB-EBA9BFF6335D}.Debug|Any CPU.Build.0 = Debug|Any CPU
		{CD56B4A4-4AC2-4346-B1CB-EBA9BFF6335D}.Debug|x64.ActiveCfg = Debug|Any CPU
		{CD56B4A4-4AC2-4346-B1CB-EBA9BFF6335D}.Debug|x64.Build.0 = Debug|Any CPU
		{CD56B4A4-4AC2-4346-B1CB-EBA9BFF6335D}.Release|Any CPU.ActiveCfg = Release|Any CPU
		{CD56B4A4-4AC2-4346-B1CB-EBA9BFF6335D}.Release|Any CPU.Build.0 = Release|Any CPU
		{CD56B4A4-4AC2-4346-B1CB-EBA9BFF6335D}.Release|x64.ActiveCfg = Release|Any CPU
		{CD56B4A4-4AC2-4346-B1CB-EBA9BFF6335D}.Release|x64.Build.0 = Release|Any CPU
		{2C3B66BB-F1A9-4513-AB63-570D7687C6A7}.Debug|Any CPU.ActiveCfg = Debug|x64
		{2C3B66BB-F1A9-4513-AB63-570D7687C6A7}.Debug|Any CPU.Build.0 = Debug|x64
		{2C3B66BB-F1A9-4513-AB63-570D7687C6A7}.Debug|x64.ActiveCfg = Debug|x64
		{2C3B66BB-F1A9-4513-AB63-570D7687C6A7}.Debug|x64.Build.0 = Debug|x64
		{2C3B66BB-F1A9-4513-AB63-570D7687C6A7}.Release|Any CPU.ActiveCfg = Release|x64
		{2C3B66BB-F1A9-4513-AB63-570D7687C6A7}.Release|Any CPU.Build.0 = Release|x64
		{2C3B66BB-F1A9-4513-AB63-570D7687C6A7}.Release|x64.ActiveCfg = Release|x64
		{2C3B66BB-F1A9-4513-AB63-570D7687C6A7}.Release|x64.Build.0 = Release|x64
		{63138773-1F47-474C-9345-15EB6183ECC6}.Debug|Any CPU.ActiveCfg = Debug|Any CPU
		{63138773-1F47-474C-9345-15EB6183ECC6}.Debug|Any CPU.Build.0 = Debug|Any CPU
		{63138773-1F47-474C-9345-15EB6183ECC6}.Debug|x64.ActiveCfg = Debug|Any CPU
		{63138773-1F47-474C-9345-15EB6183ECC6}.Debug|x64.Build.0 = Debug|Any CPU
		{63138773-1F47-474C-9345-15EB6183ECC6}.Release|Any CPU.ActiveCfg = Release|Any CPU
		{63138773-1F47-474C-9345-15EB6183ECC6}.Release|Any CPU.Build.0 = Release|Any CPU
		{63138773-1F47-474C-9345-15EB6183ECC6}.Release|x64.ActiveCfg = Release|Any CPU
		{63138773-1F47-474C-9345-15EB6183ECC6}.Release|x64.Build.0 = Release|Any CPU
		{6B9B7F49-E629-4595-97B5-03D2232305F8}.Debug|Any CPU.ActiveCfg = Debug|Any CPU
		{6B9B7F49-E629-4595-97B5-03D2232305F8}.Debug|Any CPU.Build.0 = Debug|Any CPU
		{6B9B7F49-E629-4595-97B5-03D2232305F8}.Debug|x64.ActiveCfg = Debug|Any CPU
		{6B9B7F49-E629-4595-97B5-03D2232305F8}.Debug|x64.Build.0 = Debug|Any CPU
		{6B9B7F49-E629-4595-97B5-03D2232305F8}.Release|Any CPU.ActiveCfg = Release|Any CPU
		{6B9B7F49-E629-4595-97B5-03D2232305F8}.Release|Any CPU.Build.0 = Release|Any CPU
		{6B9B7F49-E629-4595-97B5-03D2232305F8}.Release|x64.ActiveCfg = Release|Any CPU
		{6B9B7F49-E629-4595-97B5-03D2232305F8}.Release|x64.Build.0 = Release|Any CPU
		{84D63988-81DE-4639-8E44-FE5A25EDDC97}.Debug|Any CPU.ActiveCfg = Debug|Any CPU
		{84D63988-81DE-4639-8E44-FE5A25EDDC97}.Debug|Any CPU.Build.0 = Debug|Any CPU
		{84D63988-81DE-4639-8E44-FE5A25EDDC97}.Debug|x64.ActiveCfg = Debug|Any CPU
		{84D63988-81DE-4639-8E44-FE5A25EDDC97}.Debug|x64.Build.0 = Debug|Any CPU
		{84D63988-81DE-4639-8E44-FE5A25EDDC97}.Release|Any CPU.ActiveCfg = Release|Any CPU
		{84D63988-81DE-4639-8E44-FE5A25EDDC97}.Release|Any CPU.Build.0 = Release|Any CPU
		{84D63988-81DE-4639-8E44-FE5A25EDDC97}.Release|x64.ActiveCfg = Release|Any CPU
		{84D63988-81DE-4639-8E44-FE5A25EDDC97}.Release|x64.Build.0 = Release|Any CPU
		{ED5D3E22-804B-4BAA-BD7F-F47F19804CF8}.Debug|Any CPU.ActiveCfg = Debug|Any CPU
		{ED5D3E22-804B-4BAA-BD7F-F47F19804CF8}.Debug|Any CPU.Build.0 = Debug|Any CPU
		{ED5D3E22-804B-4BAA-BD7F-F47F19804CF8}.Debug|x64.ActiveCfg = Debug|Any CPU
		{ED5D3E22-804B-4BAA-BD7F-F47F19804CF8}.Debug|x64.Build.0 = Debug|Any CPU
		{ED5D3E22-804B-4BAA-BD7F-F47F19804CF8}.Release|Any CPU.ActiveCfg = Release|Any CPU
		{ED5D3E22-804B-4BAA-BD7F-F47F19804CF8}.Release|Any CPU.Build.0 = Release|Any CPU
		{ED5D3E22-804B-4BAA-BD7F-F47F19804CF8}.Release|x64.ActiveCfg = Release|Any CPU
		{ED5D3E22-804B-4BAA-BD7F-F47F19804CF8}.Release|x64.Build.0 = Release|Any CPU
		{A55D0A52-904C-4BF2-970B-17299B433588}.Debug|Any CPU.ActiveCfg = Debug|Any CPU
		{A55D0A52-904C-4BF2-970B-17299B433588}.Debug|Any CPU.Build.0 = Debug|Any CPU
		{A55D0A52-904C-4BF2-970B-17299B433588}.Debug|x64.ActiveCfg = Debug|Any CPU
		{A55D0A52-904C-4BF2-970B-17299B433588}.Debug|x64.Build.0 = Debug|Any CPU
		{A55D0A52-904C-4BF2-970B-17299B433588}.Release|Any CPU.ActiveCfg = Release|Any CPU
		{A55D0A52-904C-4BF2-970B-17299B433588}.Release|Any CPU.Build.0 = Release|Any CPU
		{A55D0A52-904C-4BF2-970B-17299B433588}.Release|x64.ActiveCfg = Release|Any CPU
		{A55D0A52-904C-4BF2-970B-17299B433588}.Release|x64.Build.0 = Release|Any CPU
		{E679DF3E-4AD5-462E-B875-CF53681F2362}.Debug|Any CPU.ActiveCfg = Debug|x64
		{E679DF3E-4AD5-462E-B875-CF53681F2362}.Debug|Any CPU.Build.0 = Debug|x64
		{E679DF3E-4AD5-462E-B875-CF53681F2362}.Debug|x64.ActiveCfg = Debug|x64
		{E679DF3E-4AD5-462E-B875-CF53681F2362}.Debug|x64.Build.0 = Debug|x64
		{E679DF3E-4AD5-462E-B875-CF53681F2362}.Release|Any CPU.ActiveCfg = Release|x64
		{E679DF3E-4AD5-462E-B875-CF53681F2362}.Release|Any CPU.Build.0 = Release|x64
		{E679DF3E-4AD5-462E-B875-CF53681F2362}.Release|x64.ActiveCfg = Release|x64
		{E679DF3E-4AD5-462E-B875-CF53681F2362}.Release|x64.Build.0 = Release|x64
		{9E971B72-151F-42D0-A84B-F726BCBF770B}.Debug|Any CPU.ActiveCfg = Debug|x64
		{9E971B72-151F-42D0-A84B-F726BCBF770B}.Debug|Any CPU.Build.0 = Debug|x64
		{9E971B72-151F-42D0-A84B-F726BCBF770B}.Debug|x64.ActiveCfg = Debug|x64
		{9E971B72-151F-42D0-A84B-F726BCBF770B}.Debug|x64.Build.0 = Debug|x64
		{9E971B72-151F-42D0-A84B-F726BCBF770B}.Release|Any CPU.ActiveCfg = Release|x64
		{9E971B72-151F-42D0-A84B-F726BCBF770B}.Release|Any CPU.Build.0 = Release|x64
		{9E971B72-151F-42D0-A84B-F726BCBF770B}.Release|x64.ActiveCfg = Release|x64
		{9E971B72-151F-42D0-A84B-F726BCBF770B}.Release|x64.Build.0 = Release|x64
		{728DC4B7-40EA-471C-8A3B-9DFC141925F0}.Debug|Any CPU.ActiveCfg = Debug|Any CPU
		{728DC4B7-40EA-471C-8A3B-9DFC141925F0}.Debug|Any CPU.Build.0 = Debug|Any CPU
		{728DC4B7-40EA-471C-8A3B-9DFC141925F0}.Debug|x64.ActiveCfg = Debug|Any CPU
		{728DC4B7-40EA-471C-8A3B-9DFC141925F0}.Debug|x64.Build.0 = Debug|Any CPU
		{728DC4B7-40EA-471C-8A3B-9DFC141925F0}.Release|Any CPU.ActiveCfg = Release|Any CPU
		{728DC4B7-40EA-471C-8A3B-9DFC141925F0}.Release|Any CPU.Build.0 = Release|Any CPU
		{728DC4B7-40EA-471C-8A3B-9DFC141925F0}.Release|x64.ActiveCfg = Release|Any CPU
		{728DC4B7-40EA-471C-8A3B-9DFC141925F0}.Release|x64.Build.0 = Release|Any CPU
		{4561B5CC-E3FA-4754-B502-AABFCE0CE4E5}.Debug|Any CPU.ActiveCfg = Debug|Any CPU
		{4561B5CC-E3FA-4754-B502-AABFCE0CE4E5}.Debug|Any CPU.Build.0 = Debug|Any CPU
		{4561B5CC-E3FA-4754-B502-AABFCE0CE4E5}.Debug|x64.ActiveCfg = Debug|Any CPU
		{4561B5CC-E3FA-4754-B502-AABFCE0CE4E5}.Debug|x64.Build.0 = Debug|Any CPU
		{4561B5CC-E3FA-4754-B502-AABFCE0CE4E5}.Release|Any CPU.ActiveCfg = Release|Any CPU
		{4561B5CC-E3FA-4754-B502-AABFCE0CE4E5}.Release|Any CPU.Build.0 = Release|Any CPU
		{4561B5CC-E3FA-4754-B502-AABFCE0CE4E5}.Release|x64.ActiveCfg = Release|Any CPU
		{4561B5CC-E3FA-4754-B502-AABFCE0CE4E5}.Release|x64.Build.0 = Release|Any CPU
		{53E191B3-9BAE-4A34-B877-551D2DCB08F9}.Debug|Any CPU.ActiveCfg = Debug|Any CPU
		{53E191B3-9BAE-4A34-B877-551D2DCB08F9}.Debug|Any CPU.Build.0 = Debug|Any CPU
		{53E191B3-9BAE-4A34-B877-551D2DCB08F9}.Debug|x64.ActiveCfg = Debug|Any CPU
		{53E191B3-9BAE-4A34-B877-551D2DCB08F9}.Debug|x64.Build.0 = Debug|Any CPU
		{53E191B3-9BAE-4A34-B877-551D2DCB08F9}.Release|Any CPU.ActiveCfg = Release|Any CPU
		{53E191B3-9BAE-4A34-B877-551D2DCB08F9}.Release|Any CPU.Build.0 = Release|Any CPU
		{53E191B3-9BAE-4A34-B877-551D2DCB08F9}.Release|x64.ActiveCfg = Release|Any CPU
		{53E191B3-9BAE-4A34-B877-551D2DCB08F9}.Release|x64.Build.0 = Release|Any CPU
		{DA174023-5342-4845-BD0C-8D421C33161D}.Debug|Any CPU.ActiveCfg = Debug|Any CPU
		{DA174023-5342-4845-BD0C-8D421C33161D}.Debug|Any CPU.Build.0 = Debug|Any CPU
		{DA174023-5342-4845-BD0C-8D421C33161D}.Debug|x64.ActiveCfg = Debug|Any CPU
		{DA174023-5342-4845-BD0C-8D421C33161D}.Debug|x64.Build.0 = Debug|Any CPU
		{DA174023-5342-4845-BD0C-8D421C33161D}.Release|Any CPU.ActiveCfg = Release|Any CPU
		{DA174023-5342-4845-BD0C-8D421C33161D}.Release|Any CPU.Build.0 = Release|Any CPU
		{DA174023-5342-4845-BD0C-8D421C33161D}.Release|x64.ActiveCfg = Release|Any CPU
		{DA174023-5342-4845-BD0C-8D421C33161D}.Release|x64.Build.0 = Release|Any CPU
	EndGlobalSection
	GlobalSection(SolutionProperties) = preSolution
		HideSolutionNode = FALSE
	EndGlobalSection
	GlobalSection(NestedProjects) = preSolution
		{E679DF3E-4AD5-462E-B875-CF53681F2362} = {195E7C54-CE52-4EFD-B642-1BB6A9AC274F}
		{9E971B72-151F-42D0-A84B-F726BCBF770B} = {195E7C54-CE52-4EFD-B642-1BB6A9AC274F}
	EndGlobalSection
	GlobalSection(ExtensibilityGlobals) = postSolution
		SolutionGuid = {D8D1CF84-D687-4565-8830-F22C339D0473}
	EndGlobalSection
EndGlobal
